<?xml version="1.0" encoding="utf-8"?>
<Project ToolsVersion="4.0" xmlns="http://schemas.microsoft.com/developer/msbuild/2003">
  <ItemGroup>
    <Filter Include="imgui">
      <UniqueIdentifier>{864ad466-a0fe-45bd-aa17-403f2d4b1956}</UniqueIdentifier>
    </Filter>
    <Filter Include="common">
      <UniqueIdentifier>{93481d47-9990-4083-b82f-414166b3e099}</UniqueIdentifier>
    </Filter>
    <Filter Include="common\adx">
      <UniqueIdentifier>{a47f0da9-2ce3-4d02-a615-5b104d85ce47}</UniqueIdentifier>
    </Filter>
    <Filter Include="common\imgui_utils">
      <UniqueIdentifier>{68ce57e0-148a-4d94-9f04-a3bb70bb6be2}</UniqueIdentifier>
    </Filter>
    <Filter Include="imgui_filedialog">
      <UniqueIdentifier>{d0cff6bb-e1c0-417b-b053-aa8a2a58df7a}</UniqueIdentifier>
    </Filter>
  </ItemGroup>
  <ItemGroup>
    <ClInclude Include="..\..\external\imgui\imconfig.h">
      <Filter>imgui</Filter>
    </ClInclude>
    <ClInclude Include="..\..\external\imgui\imgui.h">
      <Filter>imgui</Filter>
    </ClInclude>
    <ClInclude Include="..\..\external\imgui\imgui_internal.h">
      <Filter>imgui</Filter>
    </ClInclude>
    <ClInclude Include="..\..\external\imgui\imstb_rectpack.h">
      <Filter>imgui</Filter>
    </ClInclude>
    <ClInclude Include="..\..\external\imgui\imstb_textedit.h">
      <Filter>imgui</Filter>
    </ClInclude>
    <ClInclude Include="..\..\external\imgui\imstb_truetype.h">
      <Filter>imgui</Filter>
    </ClInclude>
    <ClInclude Include="..\..\src\common\adx\adx_utils.h">
      <Filter>common\adx</Filter>
    </ClInclude>
    <ClInclude Include="..\..\src\common\imgui_utils\imgui_utils.h">
      <Filter>common\imgui_utils</Filter>
    </ClInclude>
    <ClInclude Include="..\..\external\imgui_filedialog\ImGuiFileDialog.h">
      <Filter>imgui_filedialog</Filter>
    </ClInclude>
    <ClInclude Include="..\..\external\imgui_filedialog\ImGuiFileDialogConfig.h">
      <Filter>imgui_filedialog</Filter>
    </ClInclude>
    <ClInclude Include="..\..\src\common\adx\imgui_adx.h">
      <Filter>common\adx</Filter>
    </ClInclude>
    <ClInclude Include="..\..\src\common\adx\adx_runtime.h">
      <Filter>common\adx</Filter>
    </ClInclude>
  </ItemGroup>
  <ItemGroup>
    <ClCompile Include="..\..\external\imgui\imgui.cpp">
      <Filter>imgui</Filter>
    </ClCompile>
    <ClCompile Include="..\..\external\imgui\imgui_draw.cpp">
      <Filter>imgui</Filter>
    </ClCompile>
    <ClCompile Include="..\..\external\imgui\imgui_tables.cpp">
      <Filter>imgui</Filter>
    </ClCompile>
    <ClCompile Include="..\..\external\imgui\imgui_widgets.cpp">
      <Filter>imgui</Filter>
    </ClCompile>
    <ClCompile Include="..\..\external\imgui\backends\imgui_impl_dx12.cpp">
      <Filter>imgui</Filter>
    </ClCompile>
    <ClCompile Include="..\..\external\imgui\backends\imgui_impl_win32.cpp">
      <Filter>imgui</Filter>
    </ClCompile>
    <ClCompile Include="..\..\src\win\main.cpp" />
    <ClCompile Include="..\..\src\common\adx\adx_utils.cpp">
      <Filter>common\adx</Filter>
    </ClCompile>
    <ClCompile Include="..\..\src\common\imgui_utils\imgui_utils.cpp">
      <Filter>common\imgui_utils</Filter>
    </ClCompile>
    <ClCompile Include="..\..\external\imgui_filedialog\ImGuiFileDialog.cpp">
      <Filter>imgui_filedialog</Filter>
    </ClCompile>
    <ClCompile Include="..\..\src\common\adx\imgui_adx_initilaize.cpp">
      <Filter>common\adx</Filter>
    </ClCompile>
    <ClCompile Include="..\..\src\common\adx\adx_runtime.cpp">
      <Filter>common\adx</Filter>
    </ClCompile>
    <ClCompile Include="..\..\src\common\adx\imgui_adx_finalize.cpp">
      <Filter>common\adx</Filter>
    </ClCompile>
  </ItemGroup>
  <ItemGroup>
    <Text Include="..\..\external\imgui\LICENSE.txt">
      <Filter>imgui</Filter>
    </Text>
  </ItemGroup>
  <ItemGroup>
    <None Include="..\..\external\imgui_filedialog\Documentation.md">
      <Filter>imgui_filedialog</Filter>
    </None>
    <None Include="..\..\external\imgui_filedialog\LICENSE">
      <Filter>imgui_filedialog</Filter>
    </None>
    <None Include="..\..\external\imgui_filedialog\README.md">
      <Filter>imgui_filedialog</Filter>
    </None>
  </ItemGroup>
</Project>