// !$*UTF8*$!
{
	archiveVersion = 1;
	classes = {
	};
	objectVersion = 54;
	objects = {

/* Begin PBXBuildFile section */
		05318E0F274C397200A8DE2E /* GameController.framework in Frameworks */ = {isa = PBXBuildFile; fileRef = 05318E0E274C397200A8DE2E /* GameController.framework */; };
		130BBBB82ECC9D6F00A5475A /* imgui_adx_finalize.cpp in Sources */ = {isa = PBXBuildFile; fileRef = 130BBBB62ECC9D6F00A5475A /* imgui_adx_finalize.cpp */; };
		130BBBB92ECC9D6F00A5475A /* imgui_adx_update.cpp in Sources */ = {isa = PBXBuildFile; fileRef = 130BBBB72ECC9D6F00A5475A /* imgui_adx_update.cpp */; };
		130BBBBA2ECC9D6F00A5475A /* imgui_adx_finalize.cpp in Sources */ = {isa = PBXBuildFile; fileRef = 130BBBB62ECC9D6F00A5475A /* imgui_adx_finalize.cpp */; };
		130BBBBB2ECC9D6F00A5475A /* imgui_adx_update.cpp in Sources */ = {isa = PBXBuildFile; fileRef = 130BBBB72ECC9D6F00A5475A /* imgui_adx_update.cpp */; };
		1399704A2EC9A47200B35EC9 /* ImGuiFileDialog.cpp in Sources */ = {isa = PBXBuildFile; fileRef = 139970482EC9A47200B35EC9 /* ImGuiFileDialog.cpp */; };
		1399704B2EC9A47200B35EC9 /* ImGuiFileDialog.cpp in Sources */ = {isa = PBXBuildFile; fileRef = 139970482EC9A47200B35EC9 /* ImGuiFileDialog.cpp */; };
		139970542EC9A7A200B35EC9 /* adx_utils.cpp in Sources */ = {isa = PBXBuildFile; fileRef = 139970522EC9A7A200B35EC9 /* adx_utils.cpp */; };
		139970552EC9A7A200B35EC9 /* adx_runtime.cpp in Sources */ = {isa = PBXBuildFile; fileRef = 139970512EC9A7A200B35EC9 /* adx_runtime.cpp */; };
		139970562EC9A7A200B35EC9 /* imgui_adx_initilaize.cpp in Sources */ = {isa = PBXBuildFile; fileRef = 139970532EC9A7A200B35EC9 /* imgui_adx_initilaize.cpp */; };
		139970572EC9A7A200B35EC9 /* adx_utils.cpp in Sources */ = {isa = PBXBuildFile; fileRef = 139970522EC9A7A200B35EC9 /* adx_utils.cpp */; };
		139970582EC9A7A200B35EC9 /* adx_runtime.cpp in Sources */ = {isa = PBXBuildFile; fileRef = 139970512EC9A7A200B35EC9 /* adx_runtime.cpp */; };
		139970592EC9A7A200B35EC9 /* imgui_adx_initilaize.cpp in Sources */ = {isa = PBXBuildFile; fileRef = 139970532EC9A7A200B35EC9 /* imgui_adx_initilaize.cpp */; };
		139970662EC9AF0800B35EC9 /* AudioToolbox.framework in Frameworks */ = {isa = PBXBuildFile; fileRef = 139970652EC9AF0800B35EC9 /* AudioToolbox.framework */; };
		139970672EC9AF1700B35EC9 /* AVFAudio.framework in Frameworks */ = {isa = PBXBuildFile; fileRef = 139970612EC9AEDE00B35EC9 /* AVFAudio.framework */; };
		139970692EC9AF2A00B35EC9 /* CoreAudio.framework in Frameworks */ = {isa = PBXBuildFile; fileRef = 139970682EC9AF2A00B35EC9 /* CoreAudio.framework */; };
		13E328352EC0C54D00B703A0 /* imgui.cpp in Sources */ = {isa = PBXBuildFile; fileRef = 13E328342EC0C54D00B703A0 /* imgui.cpp */; };
		13E328362EC0C54D00B703A0 /* imgui.cpp in Sources */ = {isa = PBXBuildFile; fileRef = 13E328342EC0C54D00B703A0 /* imgui.cpp */; };
		13E3283B2EC0C5A000B703A0 /* imgui_tables.cpp in Sources */ = {isa = PBXBuildFile; fileRef = 13E328392EC0C5A000B703A0 /* imgui_tables.cpp */; };
		13E3283C2EC0C5A000B703A0 /* imgui_widgets.cpp in Sources */ = {isa = PBXBuildFile; fileRef = 13E3283A2EC0C5A000B703A0 /* imgui_widgets.cpp */; };
		13E3283D2EC0C5A000B703A0 /* imgui_tables.cpp in Sources */ = {isa = PBXBuildFile; fileRef = 13E328392EC0C5A000B703A0 /* imgui_tables.cpp */; };
		13E3283E2EC0C5A000B703A0 /* imgui_widgets.cpp in Sources */ = {isa = PBXBuildFile; fileRef = 13E3283A2EC0C5A000B703A0 /* imgui_widgets.cpp */; };
		13E328412EC0C5B800B703A0 /* imgui_draw.cpp in Sources */ = {isa = PBXBuildFile; fileRef = 13E328402EC0C5B800B703A0 /* imgui_draw.cpp */; };
		13E328422EC0C5B800B703A0 /* imgui_demo.cpp in Sources */ = {isa = PBXBuildFile; fileRef = 13E3283F2EC0C5B800B703A0 /* imgui_demo.cpp */; };
		13E328432EC0C5B800B703A0 /* imgui_draw.cpp in Sources */ = {isa = PBXBuildFile; fileRef = 13E328402EC0C5B800B703A0 /* imgui_draw.cpp */; };
		13E328442EC0C5B800B703A0 /* imgui_demo.cpp in Sources */ = {isa = PBXBuildFile; fileRef = 13E3283F2EC0C5B800B703A0 /* imgui_demo.cpp */; };
		13E328462EC0C5D600B703A0 /* imgui_impl_metal.mm in Sources */ = {isa = PBXBuildFile; fileRef = 13E328452EC0C5D600B703A0 /* imgui_impl_metal.mm */; };
		13E328472EC0C5D600B703A0 /* imgui_impl_metal.mm in Sources */ = {isa = PBXBuildFile; fileRef = 13E328452EC0C5D600B703A0 /* imgui_impl_metal.mm */; };
		13E328492EC0C5E200B703A0 /* imgui_impl_osx.mm in Sources */ = {isa = PBXBuildFile; fileRef = 13E328482EC0C5E200B703A0 /* imgui_impl_osx.mm */; };
		13E3284A2EC0C5E200B703A0 /* imgui_impl_osx.mm in Sources */ = {isa = PBXBuildFile; fileRef = 13E328482EC0C5E200B703A0 /* imgui_impl_osx.mm */; };
		13E3284C2EC0C63E00B703A0 /* main.mm in Sources */ = {isa = PBXBuildFile; fileRef = 13E3284B2EC0C63E00B703A0 /* main.mm */; };
		13E3284D2EC0C63E00B703A0 /* main.mm in Sources */ = {isa = PBXBuildFile; fileRef = 13E3284B2EC0C63E00B703A0 /* main.mm */; };
		8309BD8F253CCAAA0045E2A1 /* UIKit.framework in Frameworks */ = {isa = PBXBuildFile; fileRef = 8309BD8E253CCAAA0045E2A1 /* UIKit.framework */; };
		8309BDC6253CCCFE0045E2A1 /* AppKit.framework in Frameworks */ = {isa = PBXBuildFile; fileRef = 8309BDC5253CCCFE0045E2A1 /* AppKit.framework */; };
		8309BDFC253CDAB30045E2A1 /* LaunchScreen.storyboard in Resources */ = {isa = PBXBuildFile; fileRef = 8309BDF7253CDAAE0045E2A1 /* LaunchScreen.storyboard */; };
		8309BE04253CDAB60045E2A1 /* MainMenu.storyboard in Resources */ = {isa = PBXBuildFile; fileRef = 8309BDFA253CDAAE0045E2A1 /* MainMenu.storyboard */; };
		83BBE9E520EB46B900295997 /* Metal.framework in Frameworks */ = {isa = PBXBuildFile; fileRef = 83BBE9E420EB46B900295997 /* Metal.framework */; };
		83BBE9E720EB46BD00295997 /* MetalKit.framework in Frameworks */ = {isa = PBXBuildFile; fileRef = 83BBE9E620EB46BD00295997 /* MetalKit.framework */; };
		83BBE9EC20EB471700295997 /* MetalKit.framework in Frameworks */ = {isa = PBXBuildFile; fileRef = 83BBE9EA20EB471700295997 /* MetalKit.framework */; };
		83BBE9ED20EB471700295997 /* Metal.framework in Frameworks */ = {isa = PBXBuildFile; fileRef = 83BBE9EB20EB471700295997 /* Metal.framework */; };
/* End PBXBuildFile section */

/* Begin PBXFileReference section */
		05318E0E274C397200A8DE2E /* GameController.framework */ = {isa = PBXFileReference; lastKnownFileType = wrapper.framework; name = GameController.framework; path = System/Library/Frameworks/GameController.framework; sourceTree = SDKROOT; };
		130BBBB52ECC9D5C00A5475A /* imgui_utils.hpp */ = {isa = PBXFileReference; lastKnownFileType = sourcecode.cpp.h; name = imgui_utils.hpp; path = /Users/yasuyoshida/GitHub/ADXLE_ImGui/src/common/imgui_utils/imgui_utils.hpp; sourceTree = "<absolute>"; };
		130BBBB62ECC9D6F00A5475A /* imgui_adx_finalize.cpp */ = {isa = PBXFileReference; lastKnownFileType = sourcecode.cpp.cpp; name = imgui_adx_finalize.cpp; path = /Users/yasuyoshida/GitHub/ADXLE_ImGui/src/common/adx/imgui_adx_finalize.cpp; sourceTree = "<absolute>"; };
		130BBBB72ECC9D6F00A5475A /* imgui_adx_update.cpp */ = {isa = PBXFileReference; lastKnownFileType = sourcecode.cpp.cpp; name = imgui_adx_update.cpp; path = /Users/yasuyoshida/GitHub/ADXLE_ImGui/src/common/adx/imgui_adx_update.cpp; sourceTree = "<absolute>"; };
		139970472EC9A47200B35EC9 /* ImGuiFileDialog.h */ = {isa = PBXFileReference; lastKnownFileType = sourcecode.c.h; name = ImGuiFileDialog.h; path = /Users/yasuyoshida/GitHub/ADXLE_ImGui/external/imgui_filedialog/ImGuiFileDialog.h; sourceTree = "<absolute>"; };
		139970482EC9A47200B35EC9 /* ImGuiFileDialog.cpp */ = {isa = PBXFileReference; lastKnownFileType = sourcecode.cpp.cpp; name = ImGuiFileDialog.cpp; path = /Users/yasuyoshida/GitHub/ADXLE_ImGui/external/imgui_filedialog/ImGuiFileDialog.cpp; sourceTree = "<absolute>"; };
		139970492EC9A47200B35EC9 /* ImGuiFileDialogConfig.h */ = {isa = PBXFileReference; lastKnownFileType = sourcecode.c.h; name = ImGuiFileDialogConfig.h; path = /Users/yasuyoshida/GitHub/ADXLE_ImGui/external/imgui_filedialog/ImGuiFileDialogConfig.h; sourceTree = "<absolute>"; };
		139970512EC9A7A200B35EC9 /* adx_runtime.cpp */ = {isa = PBXFileReference; lastKnownFileType = sourcecode.cpp.cpp; name = adx_runtime.cpp; path = /Users/yasuyoshida/GitHub/ADXLE_ImGui/src/common/adx/adx_runtime.cpp; sourceTree = "<absolute>"; };
		139970522EC9A7A200B35EC9 /* adx_utils.cpp */ = {isa = PBXFileReference; lastKnownFileType = sourcecode.cpp.cpp; name = adx_utils.cpp; path = /Users/yasuyoshida/GitHub/ADXLE_ImGui/src/common/adx/adx_utils.cpp; sourceTree = "<absolute>"; };
		139970532EC9A7A200B35EC9 /* imgui_adx_initilaize.cpp */ = {isa = PBXFileReference; lastKnownFileType = sourcecode.cpp.cpp; name = imgui_adx_initilaize.cpp; path = /Users/yasuyoshida/GitHub/ADXLE_ImGui/src/common/adx/imgui_adx_initilaize.cpp; sourceTree = "<absolute>"; };
		139970612EC9AEDE00B35EC9 /* AVFAudio.framework */ = {isa = PBXFileReference; lastKnownFileType = wrapper.framework; name = AVFAudio.framework; path = System/Library/Frameworks/AVFAudio.framework; sourceTree = SDKROOT; };
		139970632EC9AEF500B35EC9 /* AVFoundation.framework */ = {isa = PBXFileReference; lastKnownFileType = wrapper.framework; name = AVFoundation.framework; path = System/Library/Frameworks/AVFoundation.framework; sourceTree = SDKROOT; };
		139970652EC9AF0800B35EC9 /* AudioToolbox.framework */ = {isa = PBXFileReference; lastKnownFileType = wrapper.framework; name = AudioToolbox.framework; path = System/Library/Frameworks/AudioToolbox.framework; sourceTree = SDKROOT; };
		139970682EC9AF2A00B35EC9 /* CoreAudio.framework */ = {isa = PBXFileReference; lastKnownFileType = wrapper.framework; name = CoreAudio.framework; path = System/Library/Frameworks/CoreAudio.framework; sourceTree = SDKROOT; };
		13E328332EC0C54D00B703A0 /* imgui.h */ = {isa = PBXFileReference; lastKnownFileType = sourcecode.c.h; name = imgui.h; path = /Users/yasuyoshida/GitHub/ADXLE_ImGui/external/imgui/imgui.h; sourceTree = "<absolute>"; };
		13E328342EC0C54D00B703A0 /* imgui.cpp */ = {isa = PBXFileReference; lastKnownFileType = sourcecode.cpp.cpp; name = imgui.cpp; path = /Users/yasuyoshida/GitHub/ADXLE_ImGui/external/imgui/imgui.cpp; sourceTree = "<absolute>"; };
		13E328372EC0C55C00B703A0 /* imconfig.h */ = {isa = PBXFileReference; lastKnownFileType = sourcecode.c.h; name = imconfig.h; path = /Users/yasuyoshida/GitHub/ADXLE_ImGui/external/imgui/imconfig.h; sourceTree = "<absolute>"; };
		13E328382EC0C5A000B703A0 /* imgui_internal.h */ = {isa = PBXFileReference; lastKnownFileType = sourcecode.c.h; name = imgui_internal.h; path = /Users/yasuyoshida/GitHub/ADXLE_ImGui/external/imgui/imgui_internal.h; sourceTree = "<absolute>"; };
		13E328392EC0C5A000B703A0 /* imgui_tables.cpp */ = {isa = PBXFileReference; lastKnownFileType = sourcecode.cpp.cpp; name = imgui_tables.cpp; path = /Users/yasuyoshida/GitHub/ADXLE_ImGui/external/imgui/imgui_tables.cpp; sourceTree = "<absolute>"; };
		13E3283A2EC0C5A000B703A0 /* imgui_widgets.cpp */ = {isa = PBXFileReference; lastKnownFileType = sourcecode.cpp.cpp; name = imgui_widgets.cpp; path = /Users/yasuyoshida/GitHub/ADXLE_ImGui/external/imgui/imgui_widgets.cpp; sourceTree = "<absolute>"; };
		13E3283F2EC0C5B800B703A0 /* imgui_demo.cpp */ = {isa = PBXFileReference; lastKnownFileType = sourcecode.cpp.cpp; name = imgui_demo.cpp; path = /Users/yasuyoshida/GitHub/ADXLE_ImGui/external/imgui/imgui_demo.cpp; sourceTree = "<absolute>"; };
		13E328402EC0C5B800B703A0 /* imgui_draw.cpp */ = {isa = PBXFileReference; lastKnownFileType = sourcecode.cpp.cpp; name = imgui_draw.cpp; path = /Users/yasuyoshida/GitHub/ADXLE_ImGui/external/imgui/imgui_draw.cpp; sourceTree = "<absolute>"; };
		13E328452EC0C5D600B703A0 /* imgui_impl_metal.mm */ = {isa = PBXFileReference; lastKnownFileType = sourcecode.cpp.objcpp; name = imgui_impl_metal.mm; path = /Users/yasuyoshida/GitHub/ADXLE_ImGui/external/imgui/backends/imgui_impl_metal.mm; sourceTree = "<absolute>"; };
		13E328482EC0C5E200B703A0 /* imgui_impl_osx.mm */ = {isa = PBXFileReference; lastKnownFileType = sourcecode.cpp.objcpp; name = imgui_impl_osx.mm; path = /Users/yasuyoshida/GitHub/ADXLE_ImGui/external/imgui/backends/imgui_impl_osx.mm; sourceTree = "<absolute>"; };
		13E3284B2EC0C63E00B703A0 /* main.mm */ = {isa = PBXFileReference; lastKnownFileType = sourcecode.cpp.objcpp; name = main.mm; path = /Users/yasuyoshida/GitHub/ADXLE_ImGui/src/mac/main.mm; sourceTree = "<absolute>"; };
		8307E7C420E9F9C900473790 /* example_apple_metal.app */ = {isa = PBXFileReference; explicitFileType = wrapper.application; includeInIndex = 0; path = example_apple_metal.app; sourceTree = BUILT_PRODUCTS_DIR; };
		8307E7DA20E9F9C900473790 /* example_apple_metal.app */ = {isa = PBXFileReference; explicitFileType = wrapper.application; includeInIndex = 0; path = example_apple_metal.app; sourceTree = BUILT_PRODUCTS_DIR; };
		8309BD8E253CCAAA0045E2A1 /* UIKit.framework */ = {isa = PBXFileReference; lastKnownFileType = wrapper.framework; name = UIKit.framework; path = Platforms/iPhoneOS.platform/Developer/SDKs/iPhoneOS14.0.sdk/System/Library/Frameworks/UIKit.framework; sourceTree = DEVELOPER_DIR; };
		8309BDC5253CCCFE0045E2A1 /* AppKit.framework */ = {isa = PBXFileReference; lastKnownFileType = wrapper.framework; name = AppKit.framework; path = System/Library/Frameworks/AppKit.framework; sourceTree = SDKROOT; };
		8309BDF7253CDAAE0045E2A1 /* LaunchScreen.storyboard */ = {isa = PBXFileReference; lastKnownFileType = file.storyboard; path = LaunchScreen.storyboard; sourceTree = "<group>"; };
		8309BDF8253CDAAE0045E2A1 /* Info-iOS.plist */ = {isa = PBXFileReference; lastKnownFileType = text.plist.xml; path = "Info-iOS.plist"; sourceTree = "<group>"; };
		8309BDFA253CDAAE0045E2A1 /* MainMenu.storyboard */ = {isa = PBXFileReference; lastKnownFileType = file.storyboard; path = MainMenu.storyboard; sourceTree = "<group>"; };
		8309BDFB253CDAAE0045E2A1 /* Info-macOS.plist */ = {isa = PBXFileReference; lastKnownFileType = text.plist.xml; path = "Info-macOS.plist"; sourceTree = "<group>"; };
		83BBE9E420EB46B900295997 /* Metal.framework */ = {isa = PBXFileReference; lastKnownFileType = wrapper.framework; name = Metal.framework; path = Platforms/iPhoneOS.platform/Developer/SDKs/iPhoneOS11.4.sdk/System/Library/Frameworks/Metal.framework; sourceTree = DEVELOPER_DIR; };
		83BBE9E620EB46BD00295997 /* MetalKit.framework */ = {isa = PBXFileReference; lastKnownFileType = wrapper.framework; name = MetalKit.framework; path = Platforms/iPhoneOS.platform/Developer/SDKs/iPhoneOS11.4.sdk/System/Library/Frameworks/MetalKit.framework; sourceTree = DEVELOPER_DIR; };
		83BBE9E820EB46C100295997 /* ModelIO.framework */ = {isa = PBXFileReference; lastKnownFileType = wrapper.framework; name = ModelIO.framework; path = Platforms/iPhoneOS.platform/Developer/SDKs/iPhoneOS11.4.sdk/System/Library/Frameworks/ModelIO.framework; sourceTree = DEVELOPER_DIR; };
		83BBE9EA20EB471700295997 /* MetalKit.framework */ = {isa = PBXFileReference; lastKnownFileType = wrapper.framework; name = MetalKit.framework; path = System/Library/Frameworks/MetalKit.framework; sourceTree = SDKROOT; };
		83BBE9EB20EB471700295997 /* Metal.framework */ = {isa = PBXFileReference; lastKnownFileType = wrapper.framework; name = Metal.framework; path = System/Library/Frameworks/Metal.framework; sourceTree = SDKROOT; };
		83BBE9EE20EB471C00295997 /* ModelIO.framework */ = {isa = PBXFileReference; lastKnownFileType = wrapper.framework; name = ModelIO.framework; path = System/Library/Frameworks/ModelIO.framework; sourceTree = SDKROOT; };
/* End PBXFileReference section */

/* Begin PBXFrameworksBuildPhase section */
		8307E7C120E9F9C900473790 /* Frameworks */ = {
			isa = PBXFrameworksBuildPhase;
			buildActionMask = 2147483647;
			files = (
				8309BD8F253CCAAA0045E2A1 /* UIKit.framework in Frameworks */,
				83BBE9E720EB46BD00295997 /* MetalKit.framework in Frameworks */,
				83BBE9E520EB46B900295997 /* Metal.framework in Frameworks */,
			);
			runOnlyForDeploymentPostprocessing = 0;
		};
		8307E7D720E9F9C900473790 /* Frameworks */ = {
			isa = PBXFrameworksBuildPhase;
			buildActionMask = 2147483647;
			files = (
				139970692EC9AF2A00B35EC9 /* CoreAudio.framework in Frameworks */,
				139970672EC9AF1700B35EC9 /* AVFAudio.framework in Frameworks */,
				139970662EC9AF0800B35EC9 /* AudioToolbox.framework in Frameworks */,
				8309BDC6253CCCFE0045E2A1 /* AppKit.framework in Frameworks */,
				83BBE9EC20EB471700295997 /* MetalKit.framework in Frameworks */,
				05318E0F274C397200A8DE2E /* GameController.framework in Frameworks */,
				83BBE9ED20EB471700295997 /* Metal.framework in Frameworks */,
			);
			runOnlyForDeploymentPostprocessing = 0;
		};
/* End PBXFrameworksBuildPhase section */

/* Begin PBXGroup section */
		139970462EC9A44A00B35EC9 /* imgui_filedialog */ = {
			isa = PBXGroup;
			children = (
				139970472EC9A47200B35EC9 /* ImGuiFileDialog.h */,
				139970482EC9A47200B35EC9 /* ImGuiFileDialog.cpp */,
				139970492EC9A47200B35EC9 /* ImGuiFileDialogConfig.h */,
			);
			path = imgui_filedialog;
			sourceTree = "<group>";
		};
		1399704F2EC9A76300B35EC9 /* common */ = {
			isa = PBXGroup;
			children = (
				1399705A2EC9A7A600B35EC9 /* imgui_utils */,
				139970502EC9A78A00B35EC9 /* adx */,
			);
			path = common;
			sourceTree = "<group>";
		};
		139970502EC9A78A00B35EC9 /* adx */ = {
			isa = PBXGroup;
			children = (
				130BBBB62ECC9D6F00A5475A /* imgui_adx_finalize.cpp */,
				130BBBB72ECC9D6F00A5475A /* imgui_adx_update.cpp */,
				139970512EC9A7A200B35EC9 /* adx_runtime.cpp */,
				139970522EC9A7A200B35EC9 /* adx_utils.cpp */,
				139970532EC9A7A200B35EC9 /* imgui_adx_initilaize.cpp */,
			);
			path = adx;
			sourceTree = "<group>";
		};
		1399705A2EC9A7A600B35EC9 /* imgui_utils */ = {
			isa = PBXGroup;
			children = (
				130BBBB52ECC9D5C00A5475A /* imgui_utils.hpp */,
			);
			path = imgui_utils;
			sourceTree = "<group>";
		};
		8307E7B520E9F9C700473790 = {
			isa = PBXGroup;
			children = (
				1399704F2EC9A76300B35EC9 /* common */,
				139970462EC9A44A00B35EC9 /* imgui_filedialog */,
				83BBE9F020EB544400295997 /* imgui */,
				8309BD9E253CCBA70045E2A1 /* example */,
				8307E7C520E9F9C900473790 /* Products */,
				83BBE9E320EB46B800295997 /* Frameworks */,
			);
			sourceTree = "<group>";
		};
		8307E7C520E9F9C900473790 /* Products */ = {
			isa = PBXGroup;
			children = (
				8307E7C420E9F9C900473790 /* example_apple_metal.app */,
				8307E7DA20E9F9C900473790 /* example_apple_metal.app */,
			);
			name = Products;
			sourceTree = "<group>";
		};
		8309BD9E253CCBA70045E2A1 /* example */ = {
			isa = PBXGroup;
			children = (
				13E3284B2EC0C63E00B703A0 /* main.mm */,
				8309BDF6253CDAAE0045E2A1 /* iOS */,
				8309BDF9253CDAAE0045E2A1 /* macOS */,
			);
			name = example;
			sourceTree = "<group>";
		};
		8309BDF6253CDAAE0045E2A1 /* iOS */ = {
			isa = PBXGroup;
			children = (
				8309BDF7253CDAAE0045E2A1 /* LaunchScreen.storyboard */,
				8309BDF8253CDAAE0045E2A1 /* Info-iOS.plist */,
			);
			path = iOS;
			sourceTree = "<group>";
		};
		8309BDF9253CDAAE0045E2A1 /* macOS */ = {
			isa = PBXGroup;
			children = (
				8309BDFA253CDAAE0045E2A1 /* MainMenu.storyboard */,
				8309BDFB253CDAAE0045E2A1 /* Info-macOS.plist */,
			);
			path = macOS;
			sourceTree = "<group>";
		};
		83BBE9E320EB46B800295997 /* Frameworks */ = {
			isa = PBXGroup;
			children = (
				139970682EC9AF2A00B35EC9 /* CoreAudio.framework */,
				139970652EC9AF0800B35EC9 /* AudioToolbox.framework */,
				139970632EC9AEF500B35EC9 /* AVFoundation.framework */,
				139970612EC9AEDE00B35EC9 /* AVFAudio.framework */,
				05318E0E274C397200A8DE2E /* GameController.framework */,
				8309BDC5253CCCFE0045E2A1 /* AppKit.framework */,
				8309BD8E253CCAAA0045E2A1 /* UIKit.framework */,
				83BBE9EE20EB471C00295997 /* ModelIO.framework */,
				83BBE9EB20EB471700295997 /* Metal.framework */,
				83BBE9EA20EB471700295997 /* MetalKit.framework */,
				83BBE9E820EB46C100295997 /* ModelIO.framework */,
				83BBE9E620EB46BD00295997 /* MetalKit.framework */,
				83BBE9E420EB46B900295997 /* Metal.framework */,
			);
			name = Frameworks;
			sourceTree = "<group>";
		};
		83BBE9F020EB544400295997 /* imgui */ = {
			isa = PBXGroup;
			children = (
				13E328332EC0C54D00B703A0 /* imgui.h */,
				13E328342EC0C54D00B703A0 /* imgui.cpp */,
				13E328372EC0C55C00B703A0 /* imconfig.h */,
				13E328382EC0C5A000B703A0 /* imgui_internal.h */,
				13E328392EC0C5A000B703A0 /* imgui_tables.cpp */,
				13E3283A2EC0C5A000B703A0 /* imgui_widgets.cpp */,
				13E3283F2EC0C5B800B703A0 /* imgui_demo.cpp */,
				13E328402EC0C5B800B703A0 /* imgui_draw.cpp */,
				13E328452EC0C5D600B703A0 /* imgui_impl_metal.mm */,
				13E328482EC0C5E200B703A0 /* imgui_impl_osx.mm */,
			);
			name = imgui;
			sourceTree = "<group>";
		};
/* End PBXGroup section */

/* Begin PBXNativeTarget section */
		8307E7C320E9F9C900473790 /* example_apple_metal_ios */ = {
			isa = PBXNativeTarget;
			buildConfigurationList = 8307E7F020E9F9C900473790 /* Build configuration list for PBXNativeTarget "example_apple_metal_ios" */;
			buildPhases = (
				8307E7C020E9F9C900473790 /* Sources */,
				8307E7C120E9F9C900473790 /* Frameworks */,
				8307E7C220E9F9C900473790 /* Resources */,
			);
			buildRules = (
			);
			dependencies = (
			);
			name = example_apple_metal_ios;
			productName = "imguiex iOS";
			productReference = 8307E7C420E9F9C900473790 /* example_apple_metal.app */;
			productType = "com.apple.product-type.application";
		};
		8307E7D920E9F9C900473790 /* example_apple_metal_macos */ = {
			isa = PBXNativeTarget;
			buildConfigurationList = 8307E7F320E9F9C900473790 /* Build configuration list for PBXNativeTarget "example_apple_metal_macos" */;
			buildPhases = (
				8307E7D620E9F9C900473790 /* Sources */,
				8307E7D720E9F9C900473790 /* Frameworks */,
				8307E7D820E9F9C900473790 /* Resources */,
			);
			buildRules = (
			);
			dependencies = (
			);
			name = example_apple_metal_macos;
			productName = "imguiex macOS";
			productReference = 8307E7DA20E9F9C900473790 /* example_apple_metal.app */;
			productType = "com.apple.product-type.application";
		};
/* End PBXNativeTarget section */

/* Begin PBXProject section */
		8307E7B620E9F9C700473790 /* Project object */ = {
			isa = PBXProject;
			attributes = {
				BuildIndependentTargetsInParallel = YES;
				LastUpgradeCheck = 1530;
				ORGANIZATIONNAME = "Warren Moore";
				TargetAttributes = {
					8307E7C320E9F9C900473790 = {
						CreatedOnToolsVersion = 9.4.1;
						ProvisioningStyle = Automatic;
					};
					8307E7D920E9F9C900473790 = {
						CreatedOnToolsVersion = 9.4.1;
						ProvisioningStyle = Automatic;
					};
				};
			};
			buildConfigurationList = 8307E7B920E9F9C700473790 /* Build configuration list for PBXProject "example_apple_metal" */;
			compatibilityVersion = "Xcode 8.0";
			developmentRegion = en;
			hasScannedForEncodings = 0;
			knownRegions = (
				en,
				Base,
			);
			mainGroup = 8307E7B520E9F9C700473790;
			productRefGroup = 8307E7C520E9F9C900473790 /* Products */;
			projectDirPath = "";
			projectRoot = "";
			targets = (
				8307E7C320E9F9C900473790 /* example_apple_metal_ios */,
				8307E7D920E9F9C900473790 /* example_apple_metal_macos */,
			);
		};
/* End PBXProject section */

/* Begin PBXResourcesBuildPhase section */
		8307E7C220E9F9C900473790 /* Resources */ = {
			isa = PBXResourcesBuildPhase;
			buildActionMask = 2147483647;
			files = (
				8309BDFC253CDAB30045E2A1 /* LaunchScreen.storyboard in Resources */,
			);
			runOnlyForDeploymentPostprocessing = 0;
		};
		8307E7D820E9F9C900473790 /* Resources */ = {
			isa = PBXResourcesBuildPhase;
			buildActionMask = 2147483647;
			files = (
				8309BE04253CDAB60045E2A1 /* MainMenu.storyboard in Resources */,
			);
			runOnlyForDeploymentPostprocessing = 0;
		};
/* End PBXResourcesBuildPhase section */

/* Begin PBXSourcesBuildPhase section */
		8307E7C020E9F9C900473790 /* Sources */ = {
			isa = PBXSourcesBuildPhase;
			buildActionMask = 2147483647;
			files = (
				13E328352EC0C54D00B703A0 /* imgui.cpp in Sources */,
				13E328492EC0C5E200B703A0 /* imgui_impl_osx.mm in Sources */,
				13E328472EC0C5D600B703A0 /* imgui_impl_metal.mm in Sources */,
				13E328412EC0C5B800B703A0 /* imgui_draw.cpp in Sources */,
				130BBBBA2ECC9D6F00A5475A /* imgui_adx_finalize.cpp in Sources */,
				130BBBBB2ECC9D6F00A5475A /* imgui_adx_update.cpp in Sources */,
				13E3284D2EC0C63E00B703A0 /* main.mm in Sources */,
				13E328422EC0C5B800B703A0 /* imgui_demo.cpp in Sources */,
				13E3283B2EC0C5A000B703A0 /* imgui_tables.cpp in Sources */,
				13E3283C2EC0C5A000B703A0 /* imgui_widgets.cpp in Sources */,
				139970542EC9A7A200B35EC9 /* adx_utils.cpp in Sources */,
				139970552EC9A7A200B35EC9 /* adx_runtime.cpp in Sources */,
				139970562EC9A7A200B35EC9 /* imgui_adx_initilaize.cpp in Sources */,
				1399704A2EC9A47200B35EC9 /* ImGuiFileDialog.cpp in Sources */,
			);
			runOnlyForDeploymentPostprocessing = 0;
		};
		8307E7D620E9F9C900473790 /* Sources */ = {
			isa = PBXSourcesBuildPhase;
			buildActionMask = 2147483647;
			files = (
				13E328362EC0C54D00B703A0 /* imgui.cpp in Sources */,
				13E3284A2EC0C5E200B703A0 /* imgui_impl_osx.mm in Sources */,
				13E328462EC0C5D600B703A0 /* imgui_impl_metal.mm in Sources */,
				13E328432EC0C5B800B703A0 /* imgui_draw.cpp in Sources */,
				130BBBB82ECC9D6F00A5475A /* imgui_adx_finalize.cpp in Sources */,
				130BBBB92ECC9D6F00A5475A /* imgui_adx_update.cpp in Sources */,
				13E3284C2EC0C63E00B703A0 /* main.mm in Sources */,
				13E328442EC0C5B800B703A0 /* imgui_demo.cpp in Sources */,
				13E3283D2EC0C5A000B703A0 /* imgui_tables.cpp in Sources */,
				13E3283E2EC0C5A000B703A0 /* imgui_widgets.cpp in Sources */,
				139970572EC9A7A200B35EC9 /* adx_utils.cpp in Sources */,
				139970582EC9A7A200B35EC9 /* adx_runtime.cpp in Sources */,
				139970592EC9A7A200B35EC9 /* imgui_adx_initilaize.cpp in Sources */,
				1399704B2EC9A47200B35EC9 /* ImGuiFileDialog.cpp in Sources */,
			);
			runOnlyForDeploymentPostprocessing = 0;
		};
/* End PBXSourcesBuildPhase section */

/* Begin XCBuildConfiguration section */
		8307E7EE20E9F9C900473790 /* Debug */ = {
			isa = XCBuildConfiguration;
			buildSettings = {
				ALWAYS_SEARCH_USER_PATHS = NO;
				CLANG_ANALYZER_NONNULL = YES;
				CLANG_ANALYZER_NUMBER_OBJECT_CONVERSION = YES_AGGRESSIVE;
				CLANG_CXX_LANGUAGE_STANDARD = "gnu++17";
				CLANG_CXX_LIBRARY = "libc++";
				CLANG_ENABLE_MODULES = YES;
				CLANG_ENABLE_OBJC_ARC = YES;
				CLANG_ENABLE_OBJC_WEAK = YES;
				CLANG_WARN_BLOCK_CAPTURE_AUTORELEASING = YES;
				CLANG_WARN_BOOL_CONVERSION = YES;
				CLANG_WARN_COMMA = YES;
				CLANG_WARN_CONSTANT_CONVERSION = YES;
				CLANG_WARN_DEPRECATED_OBJC_IMPLEMENTATIONS = YES;
				CLANG_WARN_DIRECT_OBJC_ISA_USAGE = YES_ERROR;
				CLANG_WARN_DOCUMENTATION_COMMENTS = YES;
				CLANG_WARN_EMPTY_BODY = YES;
				CLANG_WARN_ENUM_CONVERSION = YES;
				CLANG_WARN_INFINITE_RECURSION = YES;
				CLANG_WARN_INT_CONVERSION = YES;
				CLANG_WARN_NON_LITERAL_NULL_CONVERSION = YES;
				CLANG_WARN_OBJC_IMPLICIT_RETAIN_SELF = YES;
				CLANG_WARN_OBJC_LITERAL_CONVERSION = YES;
				CLANG_WARN_OBJC_ROOT_CLASS = YES_ERROR;
				CLANG_WARN_QUOTED_INCLUDE_IN_FRAMEWORK_HEADER = YES;
				CLANG_WARN_RANGE_LOOP_ANALYSIS = YES;
				CLANG_WARN_STRICT_PROTOTYPES = YES;
				CLANG_WARN_SUSPICIOUS_MOVE = YES;
				CLANG_WARN_UNGUARDED_AVAILABILITY = YES_AGGRESSIVE;
				CLANG_WARN_UNREACHABLE_CODE = YES;
				CLANG_WARN__DUPLICATE_METHOD_MATCH = YES;
				COPY_PHASE_STRIP = NO;
				DEAD_CODE_STRIPPING = YES;
				DEBUG_INFORMATION_FORMAT = dwarf;
				ENABLE_STRICT_OBJC_MSGSEND = YES;
				ENABLE_TESTABILITY = YES;
				ENABLE_USER_SCRIPT_SANDBOXING = YES;
				GCC_C_LANGUAGE_STANDARD = gnu17;
				GCC_DYNAMIC_NO_PIC = NO;
				GCC_NO_COMMON_BLOCKS = YES;
				GCC_OPTIMIZATION_LEVEL = 0;
				GCC_PREPROCESSOR_DEFINITIONS = (
					"DEBUG=1",
					"$(inherited)",
				);
				GCC_WARN_64_TO_32_BIT_CONVERSION = YES;
				GCC_WARN_ABOUT_RETURN_TYPE = YES_ERROR;
				GCC_WARN_UNDECLARED_SELECTOR = YES;
				GCC_WARN_UNINITIALIZED_AUTOS = YES_AGGRESSIVE;
				GCC_WARN_UNUSED_FUNCTION = YES;
				GCC_WARN_UNUSED_VARIABLE = YES;
				MTL_ENABLE_DEBUG_INFO = YES;
				ONLY_ACTIVE_ARCH = YES;
				SYSTEM_HEADER_SEARCH_PATHS = (
					"$(SRCROOT)/../../external/imgui",
					"$(SRCROOT)/../../external/imgui/backends",
					"$(SRCROOT)/../../external/imgui_filedialog",
					"$(SRCROOT)/../../src/common/imgui_utils",
					"$(SRCROOT)/../../src/common/adx",
					"$(SRCROOT)/../../cri/macosx/include",
				);
				USER_HEADER_SEARCH_PATHS = "";
			};
			name = Debug;
		};
		8307E7EF20E9F9C900473790 /* Release */ = {
			isa = XCBuildConfiguration;
			buildSettings = {
				ALWAYS_SEARCH_USER_PATHS = NO;
				CLANG_ANALYZER_NONNULL = YES;
				CLANG_ANALYZER_NUMBER_OBJECT_CONVERSION = YES_AGGRESSIVE;
				CLANG_CXX_LANGUAGE_STANDARD = "gnu++17";
				CLANG_CXX_LIBRARY = "libc++";
				CLANG_ENABLE_MODULES = YES;
				CLANG_ENABLE_OBJC_ARC = YES;
				CLANG_ENABLE_OBJC_WEAK = YES;
				CLANG_WARN_BLOCK_CAPTURE_AUTORELEASING = YES;
				CLANG_WARN_BOOL_CONVERSION = YES;
				CLANG_WARN_COMMA = YES;
				CLANG_WARN_CONSTANT_CONVERSION = YES;
				CLANG_WARN_DEPRECATED_OBJC_IMPLEMENTATIONS = YES;
				CLANG_WARN_DIRECT_OBJC_ISA_USAGE = YES_ERROR;
				CLANG_WARN_DOCUMENTATION_COMMENTS = YES;
				CLANG_WARN_EMPTY_BODY = YES;
				CLANG_WARN_ENUM_CONVERSION = YES;
				CLANG_WARN_INFINITE_RECURSION = YES;
				CLANG_WARN_INT_CONVERSION = YES;
				CLANG_WARN_NON_LITERAL_NULL_CONVERSION = YES;
				CLANG_WARN_OBJC_IMPLICIT_RETAIN_SELF = YES;
				CLANG_WARN_OBJC_LITERAL_CONVERSION = YES;
				CLANG_WARN_OBJC_ROOT_CLASS = YES_ERROR;
				CLANG_WARN_QUOTED_INCLUDE_IN_FRAMEWORK_HEADER = YES;
				CLANG_WARN_RANGE_LOOP_ANALYSIS = YES;
				CLANG_WARN_STRICT_PROTOTYPES = YES;
				CLANG_WARN_SUSPICIOUS_MOVE = YES;
				CLANG_WARN_UNGUARDED_AVAILABILITY = YES_AGGRESSIVE;
				CLANG_WARN_UNREACHABLE_CODE = YES;
				CLANG_WARN__DUPLICATE_METHOD_MATCH = YES;
				COPY_PHASE_STRIP = NO;
				DEAD_CODE_STRIPPING = YES;
				DEBUG_INFORMATION_FORMAT = "dwarf-with-dsym";
				ENABLE_NS_ASSERTIONS = NO;
				ENABLE_STRICT_OBJC_MSGSEND = YES;
				ENABLE_USER_SCRIPT_SANDBOXING = YES;
				GCC_C_LANGUAGE_STANDARD = gnu17;
				GCC_NO_COMMON_BLOCKS = YES;
				GCC_WARN_64_TO_32_BIT_CONVERSION = YES;
				GCC_WARN_ABOUT_RETURN_TYPE = YES_ERROR;
				GCC_WARN_UNDECLARED_SELECTOR = YES;
				GCC_WARN_UNINITIALIZED_AUTOS = YES_AGGRESSIVE;
				GCC_WARN_UNUSED_FUNCTION = YES;
				GCC_WARN_UNUSED_VARIABLE = YES;
				MTL_ENABLE_DEBUG_INFO = NO;
				SYSTEM_HEADER_SEARCH_PATHS = (
					"$(SRCROOT)/../../external/imgui",
					"$(SRCROOT)/../../external/imgui/backends",
					"$(SRCROOT)/../../external/imgui_filedialog",
					"$(SRCROOT)/../../src/common/imgui_utils",
					"$(SRCROOT)/../../src/common/adx",
					"$(SRCROOT)/../../cri/macosx/include",
				);
				USER_HEADER_SEARCH_PATHS = "";
			};
			name = Release;
		};
		8307E7F120E9F9C900473790 /* Debug */ = {
			isa = XCBuildConfiguration;
			buildSettings = {
				CODE_SIGN_IDENTITY = "iPhone Developer";
				CODE_SIGN_STYLE = Automatic;
				DEVELOPMENT_TEAM = "";
				EXCLUDED_ARCHS = "";
				INFOPLIST_FILE = "$(SRCROOT)/iOS/Info-iOS.plist";
				IPHONEOS_DEPLOYMENT_TARGET = 12.0;
				LD_RUNPATH_SEARCH_PATHS = (
					"$(inherited)",
					"@executable_path/Frameworks",
				);
				LIBRARY_SEARCH_PATHS = "$(SRCROOT)/../../cri/ios/libs";
				OTHER_LDFLAGS = "-lcri_ware_ios_LE";
				PRODUCT_BUNDLE_IDENTIFIER = "org.imgui.example.apple-metal-ios";
				PRODUCT_NAME = example_apple_metal;
				SDKROOT = iphoneos;
				SYSTEM_HEADER_SEARCH_PATHS = (
					"$(SRCROOT)/../../external/imgui",
					"$(SRCROOT)/../../external/imgui/backends",
					"$(SRCROOT)/../../external/imgui_filedialog",
					"$(SRCROOT)/../../src/common/imgui_utils",
					"$(SRCROOT)/../../src/common/adx",
					"$(SRCROOT)/../../cri/ios/include",
				);
				TARGETED_DEVICE_FAMILY = "1,2";
				USER_HEADER_SEARCH_PATHS = "$(SRCROOT)/../..";
			};
			name = Debug;
		};
		8307E7F220E9F9C900473790 /* Release */ = {
			isa = XCBuildConfiguration;
			buildSettings = {
				CODE_SIGN_IDENTITY = "iPhone Developer";
				CODE_SIGN_STYLE = Automatic;
				DEVELOPMENT_TEAM = "";
				EXCLUDED_ARCHS = "";
				INFOPLIST_FILE = "$(SRCROOT)/iOS/Info-iOS.plist";
				IPHONEOS_DEPLOYMENT_TARGET = 12.0;
				LD_RUNPATH_SEARCH_PATHS = (
					"$(inherited)",
					"@executable_path/Frameworks",
				);
				LIBRARY_SEARCH_PATHS = "$(SRCROOT)/../../cri/ios/libs";
				OTHER_LDFLAGS = "-lcri_ware_ios_LE";
				PRODUCT_BUNDLE_IDENTIFIER = "org.imgui.example.apple-metal-ios";
				PRODUCT_NAME = example_apple_metal;
				SDKROOT = iphoneos;
				SYSTEM_HEADER_SEARCH_PATHS = (
					"$(SRCROOT)/../../external/imgui",
					"$(SRCROOT)/../../external/imgui/backends",
					"$(SRCROOT)/../../external/imgui_filedialog",
					"$(SRCROOT)/../../src/common/imgui_utils",
					"$(SRCROOT)/../../src/common/adx",
					"$(SRCROOT)/../../cri/ios/include",
				);
				TARGETED_DEVICE_FAMILY = "1,2";
				USER_HEADER_SEARCH_PATHS = "$(SRCROOT)/../..";
				VALIDATE_PRODUCT = YES;
			};
			name = Release;
		};
		8307E7F420E9F9C900473790 /* Debug */ = {
			isa = XCBuildConfiguration;
			buildSettings = {
				CODE_SIGN_IDENTITY = "-";
				CODE_SIGN_STYLE = Automatic;
				COMBINE_HIDPI_IMAGES = YES;
				DEAD_CODE_STRIPPING = YES;
				DEVELOPMENT_TEAM = "";
				INFOPLIST_FILE = "$(SRCROOT)/macOS/Info-macOS.plist";
				LD_RUNPATH_SEARCH_PATHS = (
					"$(inherited)",
					"@executable_path/../Frameworks",
				);
				LIBRARY_SEARCH_PATHS = "$(SRCROOT)/../../cri/macosx/libs";
				MACOSX_DEPLOYMENT_TARGET = "$(RECOMMENDED_MACOSX_DEPLOYMENT_TARGET)";
				OTHER_LDFLAGS = "-lcri_ware_macosx_LE";
				PRODUCT_BUNDLE_IDENTIFIER = "org.imgui.example.apple-metal-macos";
				PRODUCT_NAME = example_apple_metal;
				SDKROOT = macosx;
				USER_HEADER_SEARCH_PATHS = "$(SRCROOT)/../..";
			};
			name = Debug;
		};
		8307E7F520E9F9C900473790 /* Release */ = {
			isa = XCBuildConfiguration;
			buildSettings = {
				CODE_SIGN_IDENTITY = "-";
				CODE_SIGN_STYLE = Automatic;
				COMBINE_HIDPI_IMAGES = YES;
				DEAD_CODE_STRIPPING = YES;
				DEVELOPMENT_TEAM = "";
				INFOPLIST_FILE = "$(SRCROOT)/macOS/Info-macOS.plist";
				LD_RUNPATH_SEARCH_PATHS = (
					"$(inherited)",
					"@executable_path/../Frameworks",
				);
				LIBRARY_SEARCH_PATHS = "$(SRCROOT)/../../cri/macosx/libs";
				MACOSX_DEPLOYMENT_TARGET = "$(RECOMMENDED_MACOSX_DEPLOYMENT_TARGET)";
				OTHER_LDFLAGS = "-lcri_ware_macosx_LE";
				PRODUCT_BUNDLE_IDENTIFIER = "org.imgui.example.apple-metal-macos";
				PRODUCT_NAME = example_apple_metal;
				SDKROOT = macosx;
				USER_HEADER_SEARCH_PATHS = "$(SRCROOT)/../..";
			};
			name = Release;
		};
/* End XCBuildConfiguration section */

/* Begin XCConfigurationList section */
		8307E7B920E9F9C700473790 /* Build configuration list for PBXProject "example_apple_metal" */ = {
			isa = XCConfigurationList;
			buildConfigurations = (
				8307E7EE20E9F9C900473790 /* Debug */,
				8307E7EF20E9F9C900473790 /* Release */,
			);
			defaultConfigurationIsVisible = 0;
			defaultConfigurationName = Release;
		};
		8307E7F020E9F9C900473790 /* Build configuration list for PBXNativeTarget "example_apple_metal_ios" */ = {
			isa = XCConfigurationList;
			buildConfigurations = (
				8307E7F120E9F9C900473790 /* Debug */,
				8307E7F220E9F9C900473790 /* Release */,
			);
			defaultConfigurationIsVisible = 0;
			defaultConfigurationName = Release;
		};
		8307E7F320E9F9C900473790 /* Build configuration list for PBXNativeTarget "example_apple_metal_macos" */ = {
			isa = XCConfigurationList;
			buildConfigurations = (
				8307E7F420E9F9C900473790 /* Debug */,
				8307E7F520E9F9C900473790 /* Release */,
			);
			defaultConfigurationIsVisible = 0;
			defaultConfigurationName = Release;
		};
/* End XCConfigurationList section */
	};
	rootObject = 8307E7B620E9F9C700473790 /* Project object */;
}
